
Microsoft Visual Studio Solution File, Format Version 12.00
# Visual Studio Version 16
VisualStudioVersion = 16.0.29215.179
MinimumVisualStudioVersion = 10.0.40219.1
Project("{9A19103F-16F7-4668-BE54-9A1E7A4F7556}") = "BT", "BT\BT.csproj", "{693A87A5-77BF-4F0C-8EE9-B737C90D0823}"
EndProject
Project("{9A19103F-16F7-4668-BE54-9A1E7A4F7556}") = "AO", "AO\AO.csproj", "{06DD6A18-347C-454B-972C-5EFB8A4217A4}"
EndProject
Project("{FAE04EC0-301F-11D3-BF4B-00C04F79EFBC}") = "KH", "KH\KH.csproj", "{943DF416-0D41-4265-9BB5-EE79EBE8942D}"
EndProject
Project("{9A19103F-16F7-4668-BE54-9A1E7A4F7556}") = "BN", "BN\BN.csproj", "{DEB234C3-4F17-425F-A73D-198FFE732242}"
EndProject
Project("{9A19103F-16F7-4668-BE54-9A1E7A4F7556}") = "CW", "CW\CW.csproj", "{2649D52E-57DD-4743-B9DE-69943DE5F784}"
EndProject
Project("{FAE04EC0-301F-11D3-BF4B-00C04F79EFBC}") = "GG", "GG\GG.csproj", "{239A793E-2CC7-4E0F-A2C6-02265F0684ED}"
EndProject
Project("{FAE04EC0-301F-11D3-BF4B-00C04F79EFBC}") = "IN", "IN\IN.csproj", "{5C05E787-DF4C-48BB-B789-E181C7A0D2E2}"
EndProject
Project("{FAE04EC0-301F-11D3-BF4B-00C04F79EFBC}") = "HN", "HN\HN.csproj", "{6C817258-E401-47B5-BC39-68BD044E7D8C}"
EndProject
Project("{FAE04EC0-301F-11D3-BF4B-00C04F79EFBC}") = "BO_WF", "BO_WF\BO_WF.csproj", "{DEA27F4D-9041-4CD3-AD9F-97D9B37C288D}"
EndProject
Project("{FAE04EC0-301F-11D3-BF4B-00C04F79EFBC}") = "KE_TM", "KE_TM\KE_TM.csproj", "{8A2C7B94-CD68-4AD8-BF5F-9A165961369B}"
EndProject
Project("{FAE04EC0-301F-11D3-BF4B-00C04F79EFBC}") = "MA_TM", "MA_TM\MA_TM.csproj", "{46EABC5F-5026-444B-8667-3EF8DD55CB7A}"
EndProject
Project("{FAE04EC0-301F-11D3-BF4B-00C04F79EFBC}") = "KE_WF", "KE_WF\KE_WF.csproj", "{6E308B0A-2A36-49E5-9B16-1CEFBA049440}"
EndProject
Project("{FAE04EC0-301F-11D3-BF4B-00C04F79EFBC}") = "MA_WF", "MA_WF\MA_WF.csproj", "{8CDBB2FF-ECAD-474C-A092-60E4A643C2FA}"
EndProject
Project("{9A19103F-16F7-4668-BE54-9A1E7A4F7556}") = "LK", "LK\LK.csproj", "{D1FB4079-0B06-4A3E-8A87-A6AAFF8ED7E5}"
EndProject
Project("{9A19103F-16F7-4668-BE54-9A1E7A4F7556}") = "DiamondProjectClasses", "DiamondProjectClasses\DiamondProjectClasses.csproj", "{FB6F8F44-BDE9-4F4F-9282-ADF678237739}"
EndProject
Project("{9A19103F-16F7-4668-BE54-9A1E7A4F7556}") = "BE", "BE\BE.csproj", "{401CD618-F926-4952-8376-1DAA481FC2C3}"
EndProject
Project("{9A19103F-16F7-4668-BE54-9A1E7A4F7556}") = "PH", "PH\PH.csproj", "{9AF05F9A-3317-4AAA-8263-0C53BB192754}"
EndProject
Project("{9A19103F-16F7-4668-BE54-9A1E7A4F7556}") = "MX", "MX\MX.csproj", "{825CAE4F-98AF-41BA-97D0-276073BF1AC5}"
EndProject
Project("{9A19103F-16F7-4668-BE54-9A1E7A4F7556}") = "AU", "AU\AU.csproj", "{E0552D55-4157-4515-8224-684AD8049046}"
EndProject
Project("{9A19103F-16F7-4668-BE54-9A1E7A4F7556}") = "LS", "LS\LS.csproj", "{5EE33851-F33B-4866-9B32-9E9C0E05B1C0}"
EndProject
Project("{FAE04EC0-301F-11D3-BF4B-00C04F79EFBC}") = "JM", "JM\JM.csproj", "{F705876E-68A8-4252-A613-0068843793C0}"
EndProject
Global
	GlobalSection(SolutionConfigurationPlatforms) = preSolution
		Debug|Any CPU = Debug|Any CPU
		Release|Any CPU = Release|Any CPU
	EndGlobalSection
	GlobalSection(ProjectConfigurationPlatforms) = postSolution
		{693A87A5-77BF-4F0C-8EE9-B737C90D0823}.Debug|Any CPU.ActiveCfg = Debug|Any CPU
		{693A87A5-77BF-4F0C-8EE9-B737C90D0823}.Debug|Any CPU.Build.0 = Debug|Any CPU
		{693A87A5-77BF-4F0C-8EE9-B737C90D0823}.Release|Any CPU.ActiveCfg = Release|Any CPU
		{693A87A5-77BF-4F0C-8EE9-B737C90D0823}.Release|Any CPU.Build.0 = Release|Any CPU
		{06DD6A18-347C-454B-972C-5EFB8A4217A4}.Debug|Any CPU.ActiveCfg = Debug|Any CPU
		{06DD6A18-347C-454B-972C-5EFB8A4217A4}.Debug|Any CPU.Build.0 = Debug|Any CPU
		{06DD6A18-347C-454B-972C-5EFB8A4217A4}.Release|Any CPU.ActiveCfg = Release|Any CPU
		{06DD6A18-347C-454B-972C-5EFB8A4217A4}.Release|Any CPU.Build.0 = Release|Any CPU
		{943DF416-0D41-4265-9BB5-EE79EBE8942D}.Debug|Any CPU.ActiveCfg = Debug|Any CPU
		{943DF416-0D41-4265-9BB5-EE79EBE8942D}.Debug|Any CPU.Build.0 = Debug|Any CPU
		{943DF416-0D41-4265-9BB5-EE79EBE8942D}.Release|Any CPU.ActiveCfg = Release|Any CPU
		{943DF416-0D41-4265-9BB5-EE79EBE8942D}.Release|Any CPU.Build.0 = Release|Any CPU
		{DEB234C3-4F17-425F-A73D-198FFE732242}.Debug|Any CPU.ActiveCfg = Debug|Any CPU
		{DEB234C3-4F17-425F-A73D-198FFE732242}.Debug|Any CPU.Build.0 = Debug|Any CPU
		{DEB234C3-4F17-425F-A73D-198FFE732242}.Release|Any CPU.ActiveCfg = Release|Any CPU
		{DEB234C3-4F17-425F-A73D-198FFE732242}.Release|Any CPU.Build.0 = Release|Any CPU
		{2649D52E-57DD-4743-B9DE-69943DE5F784}.Debug|Any CPU.ActiveCfg = Debug|Any CPU
		{2649D52E-57DD-4743-B9DE-69943DE5F784}.Debug|Any CPU.Build.0 = Debug|Any CPU
		{2649D52E-57DD-4743-B9DE-69943DE5F784}.Release|Any CPU.ActiveCfg = Release|Any CPU
		{2649D52E-57DD-4743-B9DE-69943DE5F784}.Release|Any CPU.Build.0 = Release|Any CPU
		{239A793E-2CC7-4E0F-A2C6-02265F0684ED}.Debug|Any CPU.ActiveCfg = Debug|Any CPU
		{239A793E-2CC7-4E0F-A2C6-02265F0684ED}.Debug|Any CPU.Build.0 = Debug|Any CPU
		{239A793E-2CC7-4E0F-A2C6-02265F0684ED}.Release|Any CPU.ActiveCfg = Release|Any CPU
		{239A793E-2CC7-4E0F-A2C6-02265F0684ED}.Release|Any CPU.Build.0 = Release|Any CPU
		{5C05E787-DF4C-48BB-B789-E181C7A0D2E2}.Debug|Any CPU.ActiveCfg = Debug|Any CPU
		{5C05E787-DF4C-48BB-B789-E181C7A0D2E2}.Debug|Any CPU.Build.0 = Debug|Any CPU
		{5C05E787-DF4C-48BB-B789-E181C7A0D2E2}.Release|Any CPU.ActiveCfg = Release|Any CPU
		{5C05E787-DF4C-48BB-B789-E181C7A0D2E2}.Release|Any CPU.Build.0 = Release|Any CPU
		{6C817258-E401-47B5-BC39-68BD044E7D8C}.Debug|Any CPU.ActiveCfg = Debug|Any CPU
		{6C817258-E401-47B5-BC39-68BD044E7D8C}.Debug|Any CPU.Build.0 = Debug|Any CPU
		{6C817258-E401-47B5-BC39-68BD044E7D8C}.Release|Any CPU.ActiveCfg = Release|Any CPU
		{6C817258-E401-47B5-BC39-68BD044E7D8C}.Release|Any CPU.Build.0 = Release|Any CPU
		{DEA27F4D-9041-4CD3-AD9F-97D9B37C288D}.Debug|Any CPU.ActiveCfg = Debug|Any CPU
		{DEA27F4D-9041-4CD3-AD9F-97D9B37C288D}.Debug|Any CPU.Build.0 = Debug|Any CPU
		{DEA27F4D-9041-4CD3-AD9F-97D9B37C288D}.Release|Any CPU.ActiveCfg = Release|Any CPU
		{DEA27F4D-9041-4CD3-AD9F-97D9B37C288D}.Release|Any CPU.Build.0 = Release|Any CPU
		{8A2C7B94-CD68-4AD8-BF5F-9A165961369B}.Debug|Any CPU.ActiveCfg = Debug|Any CPU
		{8A2C7B94-CD68-4AD8-BF5F-9A165961369B}.Debug|Any CPU.Build.0 = Debug|Any CPU
		{8A2C7B94-CD68-4AD8-BF5F-9A165961369B}.Release|Any CPU.ActiveCfg = Release|Any CPU
		{8A2C7B94-CD68-4AD8-BF5F-9A165961369B}.Release|Any CPU.Build.0 = Release|Any CPU
		{46EABC5F-5026-444B-8667-3EF8DD55CB7A}.Debug|Any CPU.ActiveCfg = Debug|Any CPU
		{46EABC5F-5026-444B-8667-3EF8DD55CB7A}.Debug|Any CPU.Build.0 = Debug|Any CPU
		{46EABC5F-5026-444B-8667-3EF8DD55CB7A}.Release|Any CPU.ActiveCfg = Release|Any CPU
		{46EABC5F-5026-444B-8667-3EF8DD55CB7A}.Release|Any CPU.Build.0 = Release|Any CPU
		{6E308B0A-2A36-49E5-9B16-1CEFBA049440}.Debug|Any CPU.ActiveCfg = Debug|Any CPU
		{6E308B0A-2A36-49E5-9B16-1CEFBA049440}.Debug|Any CPU.Build.0 = Debug|Any CPU
		{6E308B0A-2A36-49E5-9B16-1CEFBA049440}.Release|Any CPU.ActiveCfg = Release|Any CPU
		{6E308B0A-2A36-49E5-9B16-1CEFBA049440}.Release|Any CPU.Build.0 = Release|Any CPU
		{8CDBB2FF-ECAD-474C-A092-60E4A643C2FA}.Debug|Any CPU.ActiveCfg = Debug|Any CPU
		{8CDBB2FF-ECAD-474C-A092-60E4A643C2FA}.Debug|Any CPU.Build.0 = Debug|Any CPU
		{8CDBB2FF-ECAD-474C-A092-60E4A643C2FA}.Release|Any CPU.ActiveCfg = Release|Any CPU
		{8CDBB2FF-ECAD-474C-A092-60E4A643C2FA}.Release|Any CPU.Build.0 = Release|Any CPU
		{D1FB4079-0B06-4A3E-8A87-A6AAFF8ED7E5}.Debug|Any CPU.ActiveCfg = Debug|Any CPU
		{D1FB4079-0B06-4A3E-8A87-A6AAFF8ED7E5}.Debug|Any CPU.Build.0 = Debug|Any CPU
		{D1FB4079-0B06-4A3E-8A87-A6AAFF8ED7E5}.Release|Any CPU.ActiveCfg = Release|Any CPU
		{D1FB4079-0B06-4A3E-8A87-A6AAFF8ED7E5}.Release|Any CPU.Build.0 = Release|Any CPU
		{FB6F8F44-BDE9-4F4F-9282-ADF678237739}.Debug|Any CPU.ActiveCfg = Debug|Any CPU
		{FB6F8F44-BDE9-4F4F-9282-ADF678237739}.Debug|Any CPU.Build.0 = Debug|Any CPU
		{FB6F8F44-BDE9-4F4F-9282-ADF678237739}.Release|Any CPU.ActiveCfg = Release|Any CPU
		{FB6F8F44-BDE9-4F4F-9282-ADF678237739}.Release|Any CPU.Build.0 = Release|Any CPU
		{401CD618-F926-4952-8376-1DAA481FC2C3}.Debug|Any CPU.ActiveCfg = Debug|Any CPU
		{401CD618-F926-4952-8376-1DAA481FC2C3}.Debug|Any CPU.Build.0 = Debug|Any CPU
		{401CD618-F926-4952-8376-1DAA481FC2C3}.Release|Any CPU.ActiveCfg = Release|Any CPU
		{401CD618-F926-4952-8376-1DAA481FC2C3}.Release|Any CPU.Build.0 = Release|Any CPU
		{9AF05F9A-3317-4AAA-8263-0C53BB192754}.Debug|Any CPU.ActiveCfg = Debug|Any CPU
		{9AF05F9A-3317-4AAA-8263-0C53BB192754}.Debug|Any CPU.Build.0 = Debug|Any CPU
		{9AF05F9A-3317-4AAA-8263-0C53BB192754}.Release|Any CPU.ActiveCfg = Release|Any CPU
		{9AF05F9A-3317-4AAA-8263-0C53BB192754}.Release|Any CPU.Build.0 = Release|Any CPU
		{825CAE4F-98AF-41BA-97D0-276073BF1AC5}.Debug|Any CPU.ActiveCfg = Debug|Any CPU
		{825CAE4F-98AF-41BA-97D0-276073BF1AC5}.Debug|Any CPU.Build.0 = Debug|Any CPU
		{825CAE4F-98AF-41BA-97D0-276073BF1AC5}.Release|Any CPU.ActiveCfg = Release|Any CPU
		{825CAE4F-98AF-41BA-97D0-276073BF1AC5}.Release|Any CPU.Build.0 = Release|Any CPU
		{E0552D55-4157-4515-8224-684AD8049046}.Debug|Any CPU.ActiveCfg = Debug|Any CPU
		{E0552D55-4157-4515-8224-684AD8049046}.Debug|Any CPU.Build.0 = Debug|Any CPU
		{E0552D55-4157-4515-8224-684AD8049046}.Release|Any CPU.ActiveCfg = Release|Any CPU
		{E0552D55-4157-4515-8224-684AD8049046}.Release|Any CPU.Build.0 = Release|Any CPU
		{5EE33851-F33B-4866-9B32-9E9C0E05B1C0}.Debug|Any CPU.ActiveCfg = Debug|Any CPU
		{5EE33851-F33B-4866-9B32-9E9C0E05B1C0}.Debug|Any CPU.Build.0 = Debug|Any CPU
		{5EE33851-F33B-4866-9B32-9E9C0E05B1C0}.Release|Any CPU.ActiveCfg = Release|Any CPU
		{5EE33851-F33B-4866-9B32-9E9C0E05B1C0}.Release|Any CPU.Build.0 = Release|Any CPU
		{F705876E-68A8-4252-A613-0068843793C0}.Debug|Any CPU.ActiveCfg = Debug|Any CPU
		{F705876E-68A8-4252-A613-0068843793C0}.Debug|Any CPU.Build.0 = Debug|Any CPU
		{F705876E-68A8-4252-A613-0068843793C0}.Release|Any CPU.ActiveCfg = Release|Any CPU
		{F705876E-68A8-4252-A613-0068843793C0}.Release|Any CPU.Build.0 = Release|Any CPU
	EndGlobalSection
	GlobalSection(SolutionProperties) = preSolution
		HideSolutionNode = FALSE
	EndGlobalSection
	GlobalSection(ExtensibilityGlobals) = postSolution
		SolutionGuid = {23EE349F-3D75-40D6-944A-0606E9427D09}
	EndGlobalSection
EndGlobal
